// !$*UTF8*$!
{
	archiveVersion = 1;
	classes = {
	};
	objectVersion = 55;
	objects = {

/* Begin PBXBuildFile section */
		7E9BF27F28AF8729001AEFBC /* AppDelegate.swift in Sources */ = {isa = PBXBuildFile; fileRef = 7E9BF27E28AF8729001AEFBC /* AppDelegate.swift */; };
		7E9BF28128AF8729001AEFBC /* SceneDelegate.swift in Sources */ = {isa = PBXBuildFile; fileRef = 7E9BF28028AF8729001AEFBC /* SceneDelegate.swift */; };
		7E9BF28328AF8729001AEFBC /* MapViewController.swift in Sources */ = {isa = PBXBuildFile; fileRef = 7E9BF28228AF8729001AEFBC /* MapViewController.swift */; };
		7E9BF28628AF8729001AEFBC /* Main.storyboard in Resources */ = {isa = PBXBuildFile; fileRef = 7E9BF28428AF8729001AEFBC /* Main.storyboard */; };
		7E9BF28828AF872C001AEFBC /* Assets.xcassets in Resources */ = {isa = PBXBuildFile; fileRef = 7E9BF28728AF872C001AEFBC /* Assets.xcassets */; };
		7E9BF28B28AF872C001AEFBC /* LaunchScreen.storyboard in Resources */ = {isa = PBXBuildFile; fileRef = 7E9BF28928AF872C001AEFBC /* LaunchScreen.storyboard */; };
		7E9BF29628AF872D001AEFBC /* test_mapTests.swift in Sources */ = {isa = PBXBuildFile; fileRef = 7E9BF29528AF872D001AEFBC /* test_mapTests.swift */; };
		7E9BF2A028AF872D001AEFBC /* test_mapUITests.swift in Sources */ = {isa = PBXBuildFile; fileRef = 7E9BF29F28AF872D001AEFBC /* test_mapUITests.swift */; };
		7E9BF2A228AF872D001AEFBC /* test_mapUITestsLaunchTests.swift in Sources */ = {isa = PBXBuildFile; fileRef = 7E9BF2A128AF872D001AEFBC /* test_mapUITestsLaunchTests.swift */; };
		7E9BF2AF28AF9AC6001AEFBC /* TabBarController.swift in Sources */ = {isa = PBXBuildFile; fileRef = 7E9BF2AE28AF9AC6001AEFBC /* TabBarController.swift */; };
		7E9BF2B128AF9FE3001AEFBC /* MainVC.swift in Sources */ = {isa = PBXBuildFile; fileRef = 7E9BF2B028AF9FE3001AEFBC /* MainVC.swift */; };
		7E9BF2B328AFA02C001AEFBC /* CouponsVC.swift in Sources */ = {isa = PBXBuildFile; fileRef = 7E9BF2B228AFA02C001AEFBC /* CouponsVC.swift */; };
		7E9BF2B528AFA099001AEFBC /* ScanQrVC.swift in Sources */ = {isa = PBXBuildFile; fileRef = 7E9BF2B428AFA099001AEFBC /* ScanQrVC.swift */; };
		7E9BF2B728AFA0BC001AEFBC /* SupportVC.swift in Sources */ = {isa = PBXBuildFile; fileRef = 7E9BF2B628AFA0BC001AEFBC /* SupportVC.swift */; };
		7E9BF2B928AFA0FD001AEFBC /* ProfileVC.swift in Sources */ = {isa = PBXBuildFile; fileRef = 7E9BF2B828AFA0FD001AEFBC /* ProfileVC.swift */; };
		7E9BF2BB28AFC2F7001AEFBC /* extButton.swift in Sources */ = {isa = PBXBuildFile; fileRef = 7E9BF2BA28AFC2F7001AEFBC /* extButton.swift */; };
		7E9BF2BD28AFD0ED001AEFBC /* API.swift in Sources */ = {isa = PBXBuildFile; fileRef = 7E9BF2BC28AFD0ED001AEFBC /* API.swift */; };
		7E9BF2BF28AFF5C9001AEFBC /* BaseMapViewController.swift in Sources */ = {isa = PBXBuildFile; fileRef = 7E9BF2BE28AFF5C9001AEFBC /* BaseMapViewController.swift */; };
		7E9BF2C128AFF61D001AEFBC /* BaseMapView.swift in Sources */ = {isa = PBXBuildFile; fileRef = 7E9BF2C028AFF61D001AEFBC /* BaseMapView.swift */; };
		7E9BF2C828B2A0D0001AEFBC /* forwardGeocoding.swift in Sources */ = {isa = PBXBuildFile; fileRef = 7E9BF2C728B2A0CF001AEFBC /* forwardGeocoding.swift */; };
		7E9BF2CA28B2A0E2001AEFBC /* reverseGeocoding.swift in Sources */ = {isa = PBXBuildFile; fileRef = 7E9BF2C928B2A0E2001AEFBC /* reverseGeocoding.swift */; };
		7E9BF2CC28B2A13B001AEFBC /* searchData.swift in Sources */ = {isa = PBXBuildFile; fileRef = 7E9BF2CB28B2A13B001AEFBC /* searchData.swift */; };
		7E9BF2CE28B2A149001AEFBC /* searchModule.swift in Sources */ = {isa = PBXBuildFile; fileRef = 7E9BF2CD28B2A149001AEFBC /* searchModule.swift */; };
		E8D6547D77A274E6A60FE947 /* libPods-test_map.a in Frameworks */ = {isa = PBXBuildFile; fileRef = 637673F077AFAC139F7C3117 /* libPods-test_map.a */; };
/* End PBXBuildFile section */

/* Begin PBXContainerItemProxy section */
		7E9BF29228AF872D001AEFBC /* PBXContainerItemProxy */ = {
			isa = PBXContainerItemProxy;
			containerPortal = 7E9BF27328AF8729001AEFBC /* Project object */;
			proxyType = 1;
			remoteGlobalIDString = 7E9BF27A28AF8729001AEFBC;
			remoteInfo = test_map;
		};
		7E9BF29C28AF872D001AEFBC /* PBXContainerItemProxy */ = {
			isa = PBXContainerItemProxy;
			containerPortal = 7E9BF27328AF8729001AEFBC /* Project object */;
			proxyType = 1;
			remoteGlobalIDString = 7E9BF27A28AF8729001AEFBC;
			remoteInfo = test_map;
		};
/* End PBXContainerItemProxy section */

/* Begin PBXFileReference section */
		29A8D9CD0730A4994083A11A /* Pods-test_map.release.xcconfig */ = {isa = PBXFileReference; includeInIndex = 1; lastKnownFileType = text.xcconfig; name = "Pods-test_map.release.xcconfig"; path = "Target Support Files/Pods-test_map/Pods-test_map.release.xcconfig"; sourceTree = "<group>"; };
		637673F077AFAC139F7C3117 /* libPods-test_map.a */ = {isa = PBXFileReference; explicitFileType = archive.ar; includeInIndex = 0; path = "libPods-test_map.a"; sourceTree = BUILT_PRODUCTS_DIR; };
		7E9BF27B28AF8729001AEFBC /* test_map.app */ = {isa = PBXFileReference; explicitFileType = wrapper.application; includeInIndex = 0; path = test_map.app; sourceTree = BUILT_PRODUCTS_DIR; };
		7E9BF27E28AF8729001AEFBC /* AppDelegate.swift */ = {isa = PBXFileReference; lastKnownFileType = sourcecode.swift; path = AppDelegate.swift; sourceTree = "<group>"; };
		7E9BF28028AF8729001AEFBC /* SceneDelegate.swift */ = {isa = PBXFileReference; lastKnownFileType = sourcecode.swift; path = SceneDelegate.swift; sourceTree = "<group>"; };
		7E9BF28228AF8729001AEFBC /* MapViewController.swift */ = {isa = PBXFileReference; lastKnownFileType = sourcecode.swift; path = MapViewController.swift; sourceTree = "<group>"; };
		7E9BF28528AF8729001AEFBC /* Base */ = {isa = PBXFileReference; lastKnownFileType = file.storyboard; name = Base; path = Base.lproj/Main.storyboard; sourceTree = "<group>"; };
		7E9BF28728AF872C001AEFBC /* Assets.xcassets */ = {isa = PBXFileReference; lastKnownFileType = folder.assetcatalog; path = Assets.xcassets; sourceTree = "<group>"; };
		7E9BF28A28AF872C001AEFBC /* Base */ = {isa = PBXFileReference; lastKnownFileType = file.storyboard; name = Base; path = Base.lproj/LaunchScreen.storyboard; sourceTree = "<group>"; };
		7E9BF28C28AF872C001AEFBC /* Info.plist */ = {isa = PBXFileReference; lastKnownFileType = text.plist.xml; path = Info.plist; sourceTree = "<group>"; };
		7E9BF29128AF872D001AEFBC /* test_mapTests.xctest */ = {isa = PBXFileReference; explicitFileType = wrapper.cfbundle; includeInIndex = 0; path = test_mapTests.xctest; sourceTree = BUILT_PRODUCTS_DIR; };
		7E9BF29528AF872D001AEFBC /* test_mapTests.swift */ = {isa = PBXFileReference; lastKnownFileType = sourcecode.swift; path = test_mapTests.swift; sourceTree = "<group>"; };
		7E9BF29B28AF872D001AEFBC /* test_mapUITests.xctest */ = {isa = PBXFileReference; explicitFileType = wrapper.cfbundle; includeInIndex = 0; path = test_mapUITests.xctest; sourceTree = BUILT_PRODUCTS_DIR; };
		7E9BF29F28AF872D001AEFBC /* test_mapUITests.swift */ = {isa = PBXFileReference; lastKnownFileType = sourcecode.swift; path = test_mapUITests.swift; sourceTree = "<group>"; };
		7E9BF2A128AF872D001AEFBC /* test_mapUITestsLaunchTests.swift */ = {isa = PBXFileReference; lastKnownFileType = sourcecode.swift; path = test_mapUITestsLaunchTests.swift; sourceTree = "<group>"; };
		7E9BF2AE28AF9AC6001AEFBC /* TabBarController.swift */ = {isa = PBXFileReference; lastKnownFileType = sourcecode.swift; path = TabBarController.swift; sourceTree = "<group>"; };
		7E9BF2B028AF9FE3001AEFBC /* MainVC.swift */ = {isa = PBXFileReference; lastKnownFileType = sourcecode.swift; path = MainVC.swift; sourceTree = "<group>"; };
		7E9BF2B228AFA02C001AEFBC /* CouponsVC.swift */ = {isa = PBXFileReference; lastKnownFileType = sourcecode.swift; path = CouponsVC.swift; sourceTree = "<group>"; };
		7E9BF2B428AFA099001AEFBC /* ScanQrVC.swift */ = {isa = PBXFileReference; lastKnownFileType = sourcecode.swift; path = ScanQrVC.swift; sourceTree = "<group>"; };
		7E9BF2B628AFA0BC001AEFBC /* SupportVC.swift */ = {isa = PBXFileReference; lastKnownFileType = sourcecode.swift; path = SupportVC.swift; sourceTree = "<group>"; };
		7E9BF2B828AFA0FD001AEFBC /* ProfileVC.swift */ = {isa = PBXFileReference; lastKnownFileType = sourcecode.swift; path = ProfileVC.swift; sourceTree = "<group>"; };
		7E9BF2BA28AFC2F7001AEFBC /* extButton.swift */ = {isa = PBXFileReference; lastKnownFileType = sourcecode.swift; path = extButton.swift; sourceTree = "<group>"; };
		7E9BF2BC28AFD0ED001AEFBC /* API.swift */ = {isa = PBXFileReference; lastKnownFileType = sourcecode.swift; path = API.swift; sourceTree = "<group>"; };
		7E9BF2BE28AFF5C9001AEFBC /* BaseMapViewController.swift */ = {isa = PBXFileReference; lastKnownFileType = sourcecode.swift; path = BaseMapViewController.swift; sourceTree = "<group>"; };
		7E9BF2C028AFF61D001AEFBC /* BaseMapView.swift */ = {isa = PBXFileReference; lastKnownFileType = sourcecode.swift; path = BaseMapView.swift; sourceTree = "<group>"; };
		7E9BF2C728B2A0CF001AEFBC /* forwardGeocoding.swift */ = {isa = PBXFileReference; lastKnownFileType = sourcecode.swift; path = forwardGeocoding.swift; sourceTree = "<group>"; };
		7E9BF2C928B2A0E2001AEFBC /* reverseGeocoding.swift */ = {isa = PBXFileReference; lastKnownFileType = sourcecode.swift; path = reverseGeocoding.swift; sourceTree = "<group>"; };
		7E9BF2CB28B2A13B001AEFBC /* searchData.swift */ = {isa = PBXFileReference; lastKnownFileType = sourcecode.swift; path = searchData.swift; sourceTree = "<group>"; };
		7E9BF2CD28B2A149001AEFBC /* searchModule.swift */ = {isa = PBXFileReference; lastKnownFileType = sourcecode.swift; path = searchModule.swift; sourceTree = "<group>"; };
		9F623728593AD90E2E42FDDB /* Pods-test_map.debug.xcconfig */ = {isa = PBXFileReference; includeInIndex = 1; lastKnownFileType = text.xcconfig; name = "Pods-test_map.debug.xcconfig"; path = "Target Support Files/Pods-test_map/Pods-test_map.debug.xcconfig"; sourceTree = "<group>"; };
/* End PBXFileReference section */

/* Begin PBXFrameworksBuildPhase section */
		7E9BF27828AF8729001AEFBC /* Frameworks */ = {
			isa = PBXFrameworksBuildPhase;
			buildActionMask = 2147483647;
			files = (
				E8D6547D77A274E6A60FE947 /* libPods-test_map.a in Frameworks */,
			);
			runOnlyForDeploymentPostprocessing = 0;
		};
		7E9BF28E28AF872D001AEFBC /* Frameworks */ = {
			isa = PBXFrameworksBuildPhase;
			buildActionMask = 2147483647;
			files = (
			);
			runOnlyForDeploymentPostprocessing = 0;
		};
		7E9BF29828AF872D001AEFBC /* Frameworks */ = {
			isa = PBXFrameworksBuildPhase;
			buildActionMask = 2147483647;
			files = (
			);
			runOnlyForDeploymentPostprocessing = 0;
		};
/* End PBXFrameworksBuildPhase section */

/* Begin PBXGroup section */
		65370CAFA835DB25A72CDB35 /* Frameworks */ = {
			isa = PBXGroup;
			children = (
				637673F077AFAC139F7C3117 /* libPods-test_map.a */,
			);
			name = Frameworks;
			sourceTree = "<group>";
		};
		7E9BF27228AF8729001AEFBC = {
			isa = PBXGroup;
			children = (
				7E9BF27D28AF8729001AEFBC /* test_map */,
				7E9BF29428AF872D001AEFBC /* test_mapTests */,
				7E9BF29E28AF872D001AEFBC /* test_mapUITests */,
				7E9BF27C28AF8729001AEFBC /* Products */,
				F98620C29A20422FC333FBCC /* Pods */,
				65370CAFA835DB25A72CDB35 /* Frameworks */,
			);
			sourceTree = "<group>";
		};
		7E9BF27C28AF8729001AEFBC /* Products */ = {
			isa = PBXGroup;
			children = (
				7E9BF27B28AF8729001AEFBC /* test_map.app */,
				7E9BF29128AF872D001AEFBC /* test_mapTests.xctest */,
				7E9BF29B28AF872D001AEFBC /* test_mapUITests.xctest */,
			);
			name = Products;
			sourceTree = "<group>";
		};
		7E9BF27D28AF8729001AEFBC /* test_map */ = {
			isa = PBXGroup;
			children = (
				7E9BF2D028B2C0C7001AEFBC /* Application */,
				7E9BF2C628B2A0AF001AEFBC /* geocoding */,
				7E9BF2D128B2C0F4001AEFBC /* MapView+MapVC */,
				7E9BF2CF28B2C0B5001AEFBC /* ViewControllers */,
				7E9BF28428AF8729001AEFBC /* Main.storyboard */,
				7E9BF28728AF872C001AEFBC /* Assets.xcassets */,
				7E9BF28928AF872C001AEFBC /* LaunchScreen.storyboard */,
				7E9BF28C28AF872C001AEFBC /* Info.plist */,
			);
			path = test_map;
			sourceTree = "<group>";
		};
		7E9BF29428AF872D001AEFBC /* test_mapTests */ = {
			isa = PBXGroup;
			children = (
				7E9BF29528AF872D001AEFBC /* test_mapTests.swift */,
			);
			path = test_mapTests;
			sourceTree = "<group>";
		};
		7E9BF29E28AF872D001AEFBC /* test_mapUITests */ = {
			isa = PBXGroup;
			children = (
				7E9BF29F28AF872D001AEFBC /* test_mapUITests.swift */,
				7E9BF2A128AF872D001AEFBC /* test_mapUITestsLaunchTests.swift */,
			);
			path = test_mapUITests;
			sourceTree = "<group>";
		};
		7E9BF2C628B2A0AF001AEFBC /* geocoding */ = {
			isa = PBXGroup;
			children = (
				7E9BF2C728B2A0CF001AEFBC /* forwardGeocoding.swift */,
				7E9BF2CB28B2A13B001AEFBC /* searchData.swift */,
				7E9BF2CD28B2A149001AEFBC /* searchModule.swift */,
				7E9BF2C928B2A0E2001AEFBC /* reverseGeocoding.swift */,
			);
			path = geocoding;
			sourceTree = "<group>";
		};
		7E9BF2CF28B2C0B5001AEFBC /* ViewControllers */ = {
			isa = PBXGroup;
			children = (
				7E9BF2AE28AF9AC6001AEFBC /* TabBarController.swift */,
				7E9BF2B028AF9FE3001AEFBC /* MainVC.swift */,
				7E9BF2B228AFA02C001AEFBC /* CouponsVC.swift */,
				7E9BF2B428AFA099001AEFBC /* ScanQrVC.swift */,
				7E9BF2B628AFA0BC001AEFBC /* SupportVC.swift */,
				7E9BF2B828AFA0FD001AEFBC /* ProfileVC.swift */,
			);
			path = ViewControllers;
			sourceTree = "<group>";
		};
		7E9BF2D028B2C0C7001AEFBC /* Application */ = {
			isa = PBXGroup;
			children = (
				7E9BF27E28AF8729001AEFBC /* AppDelegate.swift */,
				7E9BF28028AF8729001AEFBC /* SceneDelegate.swift */,
				7E9BF2BC28AFD0ED001AEFBC /* API.swift */,
				7E9BF2BA28AFC2F7001AEFBC /* extButton.swift */,
			);
			path = Application;
			sourceTree = "<group>";
		};
		7E9BF2D128B2C0F4001AEFBC /* MapView+MapVC */ = {
			isa = PBXGroup;
			children = (
				7E9BF28228AF8729001AEFBC /* MapViewController.swift */,
				7E9BF2BE28AFF5C9001AEFBC /* BaseMapViewController.swift */,
				7E9BF2C028AFF61D001AEFBC /* BaseMapView.swift */,
			);
			path = "MapView+MapVC";
			sourceTree = "<group>";
		};
		F98620C29A20422FC333FBCC /* Pods */ = {
			isa = PBXGroup;
			children = (
				9F623728593AD90E2E42FDDB /* Pods-test_map.debug.xcconfig */,
				29A8D9CD0730A4994083A11A /* Pods-test_map.release.xcconfig */,
			);
			path = Pods;
			sourceTree = "<group>";
		};
/* End PBXGroup section */

/* Begin PBXNativeTarget section */
		7E9BF27A28AF8729001AEFBC /* test_map */ = {
			isa = PBXNativeTarget;
			buildConfigurationList = 7E9BF2A528AF872D001AEFBC /* Build configuration list for PBXNativeTarget "test_map" */;
			buildPhases = (
				646CCC5D6D8F530FD1A90826 /* [CP] Check Pods Manifest.lock */,
				7E9BF27728AF8729001AEFBC /* Sources */,
				7E9BF27828AF8729001AEFBC /* Frameworks */,
				7E9BF27928AF8729001AEFBC /* Resources */,
				F0E72604E6C8071CB8AF992F /* [CP] Copy Pods Resources */,
			);
			buildRules = (
			);
			dependencies = (
			);
			name = test_map;
			productName = test_map;
			productReference = 7E9BF27B28AF8729001AEFBC /* test_map.app */;
			productType = "com.apple.product-type.application";
		};
		7E9BF29028AF872D001AEFBC /* test_mapTests */ = {
			isa = PBXNativeTarget;
			buildConfigurationList = 7E9BF2A828AF872D001AEFBC /* Build configuration list for PBXNativeTarget "test_mapTests" */;
			buildPhases = (
				7E9BF28D28AF872D001AEFBC /* Sources */,
				7E9BF28E28AF872D001AEFBC /* Frameworks */,
				7E9BF28F28AF872D001AEFBC /* Resources */,
			);
			buildRules = (
			);
			dependencies = (
				7E9BF29328AF872D001AEFBC /* PBXTargetDependency */,
			);
			name = test_mapTests;
			productName = test_mapTests;
			productReference = 7E9BF29128AF872D001AEFBC /* test_mapTests.xctest */;
			productType = "com.apple.product-type.bundle.unit-test";
		};
		7E9BF29A28AF872D001AEFBC /* test_mapUITests */ = {
			isa = PBXNativeTarget;
			buildConfigurationList = 7E9BF2AB28AF872D001AEFBC /* Build configuration list for PBXNativeTarget "test_mapUITests" */;
			buildPhases = (
				7E9BF29728AF872D001AEFBC /* Sources */,
				7E9BF29828AF872D001AEFBC /* Frameworks */,
				7E9BF29928AF872D001AEFBC /* Resources */,
			);
			buildRules = (
			);
			dependencies = (
				7E9BF29D28AF872D001AEFBC /* PBXTargetDependency */,
			);
			name = test_mapUITests;
			productName = test_mapUITests;
			productReference = 7E9BF29B28AF872D001AEFBC /* test_mapUITests.xctest */;
			productType = "com.apple.product-type.bundle.ui-testing";
		};
/* End PBXNativeTarget section */

/* Begin PBXProject section */
		7E9BF27328AF8729001AEFBC /* Project object */ = {
			isa = PBXProject;
			attributes = {
				BuildIndependentTargetsInParallel = 1;
				LastSwiftUpdateCheck = 1340;
				LastUpgradeCheck = 1340;
				TargetAttributes = {
					7E9BF27A28AF8729001AEFBC = {
						CreatedOnToolsVersion = 13.4.1;
					};
					7E9BF29028AF872D001AEFBC = {
						CreatedOnToolsVersion = 13.4.1;
						TestTargetID = 7E9BF27A28AF8729001AEFBC;
					};
					7E9BF29A28AF872D001AEFBC = {
						CreatedOnToolsVersion = 13.4.1;
						TestTargetID = 7E9BF27A28AF8729001AEFBC;
					};
				};
			};
			buildConfigurationList = 7E9BF27628AF8729001AEFBC /* Build configuration list for PBXProject "test_map" */;
			compatibilityVersion = "Xcode 13.0";
			developmentRegion = en;
			hasScannedForEncodings = 0;
			knownRegions = (
				en,
				Base,
			);
			mainGroup = 7E9BF27228AF8729001AEFBC;
			productRefGroup = 7E9BF27C28AF8729001AEFBC /* Products */;
			projectDirPath = "";
			projectRoot = "";
			targets = (
				7E9BF27A28AF8729001AEFBC /* test_map */,
				7E9BF29028AF872D001AEFBC /* test_mapTests */,
				7E9BF29A28AF872D001AEFBC /* test_mapUITests */,
			);
		};
/* End PBXProject section */

/* Begin PBXResourcesBuildPhase section */
		7E9BF27928AF8729001AEFBC /* Resources */ = {
			isa = PBXResourcesBuildPhase;
			buildActionMask = 2147483647;
			files = (
				7E9BF28B28AF872C001AEFBC /* LaunchScreen.storyboard in Resources */,
				7E9BF28828AF872C001AEFBC /* Assets.xcassets in Resources */,
				7E9BF28628AF8729001AEFBC /* Main.storyboard in Resources */,
			);
			runOnlyForDeploymentPostprocessing = 0;
		};
		7E9BF28F28AF872D001AEFBC /* Resources */ = {
			isa = PBXResourcesBuildPhase;
			buildActionMask = 2147483647;
			files = (
			);
			runOnlyForDeploymentPostprocessing = 0;
		};
		7E9BF29928AF872D001AEFBC /* Resources */ = {
			isa = PBXResourcesBuildPhase;
			buildActionMask = 2147483647;
			files = (
			);
			runOnlyForDeploymentPostprocessing = 0;
		};
/* End PBXResourcesBuildPhase section */

/* Begin PBXShellScriptBuildPhase section */
		646CCC5D6D8F530FD1A90826 /* [CP] Check Pods Manifest.lock */ = {
			isa = PBXShellScriptBuildPhase;
			buildActionMask = 2147483647;
			files = (
			);
			inputFileListPaths = (
			);
			inputPaths = (
				"${PODS_PODFILE_DIR_PATH}/Podfile.lock",
				"${PODS_ROOT}/Manifest.lock",
			);
			name = "[CP] Check Pods Manifest.lock";
			outputFileListPaths = (
			);
			outputPaths = (
				"$(DERIVED_FILE_DIR)/Pods-test_map-checkManifestLockResult.txt",
			);
			runOnlyForDeploymentPostprocessing = 0;
			shellPath = /bin/sh;
			shellScript = "diff \"${PODS_PODFILE_DIR_PATH}/Podfile.lock\" \"${PODS_ROOT}/Manifest.lock\" > /dev/null\nif [ $? != 0 ] ; then\n    # print error to STDERR\n    echo \"error: The sandbox is not in sync with the Podfile.lock. Run 'pod install' or update your CocoaPods installation.\" >&2\n    exit 1\nfi\n# This output is used by Xcode 'outputs' to avoid re-running this script phase.\necho \"SUCCESS\" > \"${SCRIPT_OUTPUT_FILE_0}\"\n";
			showEnvVarsInLog = 0;
		};
		F0E72604E6C8071CB8AF992F /* [CP] Copy Pods Resources */ = {
			isa = PBXShellScriptBuildPhase;
			buildActionMask = 2147483647;
			files = (
			);
			inputFileListPaths = (
				"${PODS_ROOT}/Target Support Files/Pods-test_map/Pods-test_map-resources-${CONFIGURATION}-input-files.xcfilelist",
			);
			name = "[CP] Copy Pods Resources";
			outputFileListPaths = (
				"${PODS_ROOT}/Target Support Files/Pods-test_map/Pods-test_map-resources-${CONFIGURATION}-output-files.xcfilelist",
			);
			runOnlyForDeploymentPostprocessing = 0;
			shellPath = /bin/sh;
			shellScript = "\"${PODS_ROOT}/Target Support Files/Pods-test_map/Pods-test_map-resources.sh\"\n";
			showEnvVarsInLog = 0;
		};
/* End PBXShellScriptBuildPhase section */

/* Begin PBXSourcesBuildPhase section */
		7E9BF27728AF8729001AEFBC /* Sources */ = {
			isa = PBXSourcesBuildPhase;
			buildActionMask = 2147483647;
			files = (
				7E9BF2BD28AFD0ED001AEFBC /* API.swift in Sources */,
				7E9BF2B728AFA0BC001AEFBC /* SupportVC.swift in Sources */,
				7E9BF28328AF8729001AEFBC /* MapViewController.swift in Sources */,
				7E9BF2B128AF9FE3001AEFBC /* MainVC.swift in Sources */,
				7E9BF2C128AFF61D001AEFBC /* BaseMapView.swift in Sources */,
				7E9BF2B928AFA0FD001AEFBC /* ProfileVC.swift in Sources */,
				7E9BF2B328AFA02C001AEFBC /* CouponsVC.swift in Sources */,
				7E9BF2BF28AFF5C9001AEFBC /* BaseMapViewController.swift in Sources */,
				7E9BF2AF28AF9AC6001AEFBC /* TabBarController.swift in Sources */,
				7E9BF2CE28B2A149001AEFBC /* searchModule.swift in Sources */,
				7E9BF27F28AF8729001AEFBC /* AppDelegate.swift in Sources */,
				7E9BF2C828B2A0D0001AEFBC /* forwardGeocoding.swift in Sources */,
				7E9BF2CC28B2A13B001AEFBC /* searchData.swift in Sources */,
				7E9BF2B528AFA099001AEFBC /* ScanQrVC.swift in Sources */,
				7E9BF2CA28B2A0E2001AEFBC /* reverseGeocoding.swift in Sources */,
				7E9BF28128AF8729001AEFBC /* SceneDelegate.swift in Sources */,
				7E9BF2BB28AFC2F7001AEFBC /* extButton.swift in Sources */,
			);
			runOnlyForDeploymentPostprocessing = 0;
		};
		7E9BF28D28AF872D001AEFBC /* Sources */ = {
			isa = PBXSourcesBuildPhase;
			buildActionMask = 2147483647;
			files = (
				7E9BF29628AF872D001AEFBC /* test_mapTests.swift in Sources */,
			);
			runOnlyForDeploymentPostprocessing = 0;
		};
		7E9BF29728AF872D001AEFBC /* Sources */ = {
			isa = PBXSourcesBuildPhase;
			buildActionMask = 2147483647;
			files = (
				7E9BF2A228AF872D001AEFBC /* test_mapUITestsLaunchTests.swift in Sources */,
				7E9BF2A028AF872D001AEFBC /* test_mapUITests.swift in Sources */,
			);
			runOnlyForDeploymentPostprocessing = 0;
		};
/* End PBXSourcesBuildPhase section */

/* Begin PBXTargetDependency section */
		7E9BF29328AF872D001AEFBC /* PBXTargetDependency */ = {
			isa = PBXTargetDependency;
			target = 7E9BF27A28AF8729001AEFBC /* test_map */;
			targetProxy = 7E9BF29228AF872D001AEFBC /* PBXContainerItemProxy */;
		};
		7E9BF29D28AF872D001AEFBC /* PBXTargetDependency */ = {
			isa = PBXTargetDependency;
			target = 7E9BF27A28AF8729001AEFBC /* test_map */;
			targetProxy = 7E9BF29C28AF872D001AEFBC /* PBXContainerItemProxy */;
		};
/* End PBXTargetDependency section */

/* Begin PBXVariantGroup section */
		7E9BF28428AF8729001AEFBC /* Main.storyboard */ = {
			isa = PBXVariantGroup;
			children = (
				7E9BF28528AF8729001AEFBC /* Base */,
			);
			name = Main.storyboard;
			sourceTree = "<group>";
		};
		7E9BF28928AF872C001AEFBC /* LaunchScreen.storyboard */ = {
			isa = PBXVariantGroup;
			children = (
				7E9BF28A28AF872C001AEFBC /* Base */,
			);
			name = LaunchScreen.storyboard;
			sourceTree = "<group>";
		};
/* End PBXVariantGroup section */

/* Begin XCBuildConfiguration section */
		7E9BF2A328AF872D001AEFBC /* Debug */ = {
			isa = XCBuildConfiguration;
			buildSettings = {
				ALWAYS_SEARCH_USER_PATHS = NO;
				CLANG_ANALYZER_NONNULL = YES;
				CLANG_ANALYZER_NUMBER_OBJECT_CONVERSION = YES_AGGRESSIVE;
				CLANG_CXX_LANGUAGE_STANDARD = "gnu++17";
				CLANG_ENABLE_MODULES = YES;
				CLANG_ENABLE_OBJC_ARC = YES;
				CLANG_ENABLE_OBJC_WEAK = YES;
				CLANG_WARN_BLOCK_CAPTURE_AUTORELEASING = YES;
				CLANG_WARN_BOOL_CONVERSION = YES;
				CLANG_WARN_COMMA = YES;
				CLANG_WARN_CONSTANT_CONVERSION = YES;
				CLANG_WARN_DEPRECATED_OBJC_IMPLEMENTATIONS = YES;
				CLANG_WARN_DIRECT_OBJC_ISA_USAGE = YES_ERROR;
				CLANG_WARN_DOCUMENTATION_COMMENTS = YES;
				CLANG_WARN_EMPTY_BODY = YES;
				CLANG_WARN_ENUM_CONVERSION = YES;
				CLANG_WARN_INFINITE_RECURSION = YES;
				CLANG_WARN_INT_CONVERSION = YES;
				CLANG_WARN_NON_LITERAL_NULL_CONVERSION = YES;
				CLANG_WARN_OBJC_IMPLICIT_RETAIN_SELF = YES;
				CLANG_WARN_OBJC_LITERAL_CONVERSION = YES;
				CLANG_WARN_OBJC_ROOT_CLASS = YES_ERROR;
				CLANG_WARN_QUOTED_INCLUDE_IN_FRAMEWORK_HEADER = YES;
				CLANG_WARN_RANGE_LOOP_ANALYSIS = YES;
				CLANG_WARN_STRICT_PROTOTYPES = YES;
				CLANG_WARN_SUSPICIOUS_MOVE = YES;
				CLANG_WARN_UNGUARDED_AVAILABILITY = YES_AGGRESSIVE;
				CLANG_WARN_UNREACHABLE_CODE = YES;
				CLANG_WARN__DUPLICATE_METHOD_MATCH = YES;
				COPY_PHASE_STRIP = NO;
				DEBUG_INFORMATION_FORMAT = dwarf;
				ENABLE_STRICT_OBJC_MSGSEND = YES;
				ENABLE_TESTABILITY = YES;
				GCC_C_LANGUAGE_STANDARD = gnu11;
				GCC_DYNAMIC_NO_PIC = NO;
				GCC_NO_COMMON_BLOCKS = YES;
				GCC_OPTIMIZATION_LEVEL = 0;
				GCC_PREPROCESSOR_DEFINITIONS = (
					"DEBUG=1",
					"$(inherited)",
				);
				GCC_WARN_64_TO_32_BIT_CONVERSION = YES;
				GCC_WARN_ABOUT_RETURN_TYPE = YES_ERROR;
				GCC_WARN_UNDECLARED_SELECTOR = YES;
				GCC_WARN_UNINITIALIZED_AUTOS = YES_AGGRESSIVE;
				GCC_WARN_UNUSED_FUNCTION = YES;
				GCC_WARN_UNUSED_VARIABLE = YES;
				IPHONEOS_DEPLOYMENT_TARGET = 15.5;
				MTL_ENABLE_DEBUG_INFO = INCLUDE_SOURCE;
				MTL_FAST_MATH = YES;
				ONLY_ACTIVE_ARCH = YES;
				SDKROOT = iphoneos;
				SWIFT_ACTIVE_COMPILATION_CONDITIONS = DEBUG;
				SWIFT_OPTIMIZATION_LEVEL = "-Onone";
			};
			name = Debug;
		};
		7E9BF2A428AF872D001AEFBC /* Release */ = {
			isa = XCBuildConfiguration;
			buildSettings = {
				ALWAYS_SEARCH_USER_PATHS = NO;
				CLANG_ANALYZER_NONNULL = YES;
				CLANG_ANALYZER_NUMBER_OBJECT_CONVERSION = YES_AGGRESSIVE;
				CLANG_CXX_LANGUAGE_STANDARD = "gnu++17";
				CLANG_ENABLE_MODULES = YES;
				CLANG_ENABLE_OBJC_ARC = YES;
				CLANG_ENABLE_OBJC_WEAK = YES;
				CLANG_WARN_BLOCK_CAPTURE_AUTORELEASING = YES;
				CLANG_WARN_BOOL_CONVERSION = YES;
				CLANG_WARN_COMMA = YES;
				CLANG_WARN_CONSTANT_CONVERSION = YES;
				CLANG_WARN_DEPRECATED_OBJC_IMPLEMENTATIONS = YES;
				CLANG_WARN_DIRECT_OBJC_ISA_USAGE = YES_ERROR;
				CLANG_WARN_DOCUMENTATION_COMMENTS = YES;
				CLANG_WARN_EMPTY_BODY = YES;
				CLANG_WARN_ENUM_CONVERSION = YES;
				CLANG_WARN_INFINITE_RECURSION = YES;
				CLANG_WARN_INT_CONVERSION = YES;
				CLANG_WARN_NON_LITERAL_NULL_CONVERSION = YES;
				CLANG_WARN_OBJC_IMPLICIT_RETAIN_SELF = YES;
				CLANG_WARN_OBJC_LITERAL_CONVERSION = YES;
				CLANG_WARN_OBJC_ROOT_CLASS = YES_ERROR;
				CLANG_WARN_QUOTED_INCLUDE_IN_FRAMEWORK_HEADER = YES;
				CLANG_WARN_RANGE_LOOP_ANALYSIS = YES;
				CLANG_WARN_STRICT_PROTOTYPES = YES;
				CLANG_WARN_SUSPICIOUS_MOVE = YES;
				CLANG_WARN_UNGUARDED_AVAILABILITY = YES_AGGRESSIVE;
				CLANG_WARN_UNREACHABLE_CODE = YES;
				CLANG_WARN__DUPLICATE_METHOD_MATCH = YES;
				COPY_PHASE_STRIP = NO;
				DEBUG_INFORMATION_FORMAT = "dwarf-with-dsym";
				ENABLE_NS_ASSERTIONS = NO;
				ENABLE_STRICT_OBJC_MSGSEND = YES;
				GCC_C_LANGUAGE_STANDARD = gnu11;
				GCC_NO_COMMON_BLOCKS = YES;
				GCC_WARN_64_TO_32_BIT_CONVERSION = YES;
				GCC_WARN_ABOUT_RETURN_TYPE = YES_ERROR;
				GCC_WARN_UNDECLARED_SELECTOR = YES;
				GCC_WARN_UNINITIALIZED_AUTOS = YES_AGGRESSIVE;
				GCC_WARN_UNUSED_FUNCTION = YES;
				GCC_WARN_UNUSED_VARIABLE = YES;
				IPHONEOS_DEPLOYMENT_TARGET = 15.5;
				MTL_ENABLE_DEBUG_INFO = NO;
				MTL_FAST_MATH = YES;
				SDKROOT = iphoneos;
				SWIFT_COMPILATION_MODE = wholemodule;
				SWIFT_OPTIMIZATION_LEVEL = "-O";
				VALIDATE_PRODUCT = YES;
			};
			name = Release;
		};
		7E9BF2A628AF872D001AEFBC /* Debug */ = {
			isa = XCBuildConfiguration;
			baseConfigurationReference = 9F623728593AD90E2E42FDDB /* Pods-test_map.debug.xcconfig */;
			buildSettings = {
				ASSETCATALOG_COMPILER_APPICON_NAME = AppIcon;
				ASSETCATALOG_COMPILER_GLOBAL_ACCENT_COLOR_NAME = AccentColor;
				CODE_SIGN_STYLE = Automatic;
				CURRENT_PROJECT_VERSION = 1;
				DEVELOPMENT_TEAM = W7D7CP53L8;
				GENERATE_INFOPLIST_FILE = YES;
				INFOPLIST_FILE = test_map/Info.plist;
				INFOPLIST_KEY_UIApplicationSupportsIndirectInputEvents = YES;
				INFOPLIST_KEY_UILaunchStoryboardName = LaunchScreen;
				INFOPLIST_KEY_UIMainStoryboardFile = Main;
				INFOPLIST_KEY_UISupportedInterfaceOrientations_iPad = "UIInterfaceOrientationPortrait UIInterfaceOrientationPortraitUpsideDown UIInterfaceOrientationLandscapeLeft UIInterfaceOrientationLandscapeRight";
				INFOPLIST_KEY_UISupportedInterfaceOrientations_iPhone = "UIInterfaceOrientationPortrait UIInterfaceOrientationLandscapeLeft UIInterfaceOrientationLandscapeRight";
				IPHONEOS_DEPLOYMENT_TARGET = 12.0;
				LD_RUNPATH_SEARCH_PATHS = (
					"$(inherited)",
					"@executable_path/Frameworks",
				);
				MARKETING_VERSION = 1.0;
				PRODUCT_BUNDLE_IDENTIFIER = "MaksimovEvgeny.test-map";
				PRODUCT_NAME = "$(TARGET_NAME)";
				SWIFT_EMIT_LOC_STRINGS = YES;
				SWIFT_VERSION = 5.0;
				TARGETED_DEVICE_FAMILY = "1,2";
			};
			name = Debug;
		};
		7E9BF2A728AF872D001AEFBC /* Release */ = {
			isa = XCBuildConfiguration;
			baseConfigurationReference = 29A8D9CD0730A4994083A11A /* Pods-test_map.release.xcconfig */;
			buildSettings = {
				ASSETCATALOG_COMPILER_APPICON_NAME = AppIcon;
				ASSETCATALOG_COMPILER_GLOBAL_ACCENT_COLOR_NAME = AccentColor;
				CODE_SIGN_STYLE = Automatic;
				CURRENT_PROJECT_VERSION = 1;
				DEVELOPMENT_TEAM = W7D7CP53L8;
				GENERATE_INFOPLIST_FILE = YES;
				INFOPLIST_FILE = test_map/Info.plist;
				INFOPLIST_KEY_UIApplicationSupportsIndirectInputEvents = YES;
				INFOPLIST_KEY_UILaunchStoryboardName = LaunchScreen;
				INFOPLIST_KEY_UIMainStoryboardFile = Main;
				INFOPLIST_KEY_UISupportedInterfaceOrientations_iPad = "UIInterfaceOrientationPortrait UIInterfaceOrientationPortraitUpsideDown UIInterfaceOrientationLandscapeLeft UIInterfaceOrientationLandscapeRight";
				INFOPLIST_KEY_UISupportedInterfaceOrientations_iPhone = "UIInterfaceOrientationPortrait UIInterfaceOrientationLandscapeLeft UIInterfaceOrientationLandscapeRight";
				IPHONEOS_DEPLOYMENT_TARGET = 12.0;
				LD_RUNPATH_SEARCH_PATHS = (
					"$(inherited)",
					"@executable_path/Frameworks",
				);
				MARKETING_VERSION = 1.0;
				PRODUCT_BUNDLE_IDENTIFIER = "MaksimovEvgeny.test-map";
				PRODUCT_NAME = "$(TARGET_NAME)";
				SWIFT_EMIT_LOC_STRINGS = YES;
				SWIFT_VERSION = 5.0;
				TARGETED_DEVICE_FAMILY = "1,2";
			};
			name = Release;
		};
		7E9BF2A928AF872D001AEFBC /* Debug */ = {
			isa = XCBuildConfiguration;
			buildSettings = {
				ALWAYS_EMBED_SWIFT_STANDARD_LIBRARIES = YES;
				BUNDLE_LOADER = "$(TEST_HOST)";
				CODE_SIGN_STYLE = Automatic;
				CURRENT_PROJECT_VERSION = 1;
				GENERATE_INFOPLIST_FILE = YES;
				IPHONEOS_DEPLOYMENT_TARGET = 15.5;
				MARKETING_VERSION = 1.0;
				PRODUCT_BUNDLE_IDENTIFIER = "MaksimovEvgeny.test-mapTests";
				PRODUCT_NAME = "$(TARGET_NAME)";
				SWIFT_EMIT_LOC_STRINGS = NO;
				SWIFT_VERSION = 5.0;
				TARGETED_DEVICE_FAMILY = "1,2";
				TEST_HOST = "$(BUILT_PRODUCTS_DIR)/test_map.app/test_map";
			};
			name = Debug;
		};
		7E9BF2AA28AF872D001AEFBC /* Release */ = {
			isa = XCBuildConfiguration;
			buildSettings = {
				ALWAYS_EMBED_SWIFT_STANDARD_LIBRARIES = YES;
				BUNDLE_LOADER = "$(TEST_HOST)";
				CODE_SIGN_STYLE = Automatic;
				CURRENT_PROJECT_VERSION = 1;
				GENERATE_INFOPLIST_FILE = YES;
				IPHONEOS_DEPLOYMENT_TARGET = 15.5;
				MARKETING_VERSION = 1.0;
				PRODUCT_BUNDLE_IDENTIFIER = "MaksimovEvgeny.test-mapTests";
				PRODUCT_NAME = "$(TARGET_NAME)";
				SWIFT_EMIT_LOC_STRINGS = NO;
				SWIFT_VERSION = 5.0;
				TARGETED_DEVICE_FAMILY = "1,2";
				TEST_HOST = "$(BUILT_PRODUCTS_DIR)/test_map.app/test_map";
			};
			name = Release;
		};
		7E9BF2AC28AF872D001AEFBC /* Debug */ = {
			isa = XCBuildConfiguration;
			buildSettings = {
				ALWAYS_EMBED_SWIFT_STANDARD_LIBRARIES = YES;
				CODE_SIGN_STYLE = Automatic;
				CURRENT_PROJECT_VERSION = 1;
				GENERATE_INFOPLIST_FILE = YES;
				MARKETING_VERSION = 1.0;
				PRODUCT_BUNDLE_IDENTIFIER = "MaksimovEvgeny.test-mapUITests";
				PRODUCT_NAME = "$(TARGET_NAME)";
				SWIFT_EMIT_LOC_STRINGS = NO;
				SWIFT_VERSION = 5.0;
				TARGETED_DEVICE_FAMILY = "1,2";
				TEST_TARGET_NAME = test_map;
			};
			name = Debug;
		};
		7E9BF2AD28AF872D001AEFBC /* Release */ = {
			isa = XCBuildConfiguration;
			buildSettings = {
				ALWAYS_EMBED_SWIFT_STANDARD_LIBRARIES = YES;
				CODE_SIGN_STYLE = Automatic;
				CURRENT_PROJECT_VERSION = 1;
				GENERATE_INFOPLIST_FILE = YES;
				MARKETING_VERSION = 1.0;
				PRODUCT_BUNDLE_IDENTIFIER = "MaksimovEvgeny.test-mapUITests";
				PRODUCT_NAME = "$(TARGET_NAME)";
				SWIFT_EMIT_LOC_STRINGS = NO;
				SWIFT_VERSION = 5.0;
				TARGETED_DEVICE_FAMILY = "1,2";
				TEST_TARGET_NAME = test_map;
			};
			name = Release;
		};
/* End XCBuildConfiguration section */

/* Begin XCConfigurationList section */
		7E9BF27628AF8729001AEFBC /* Build configuration list for PBXProject "test_map" */ = {
			isa = XCConfigurationList;
			buildConfigurations = (
				7E9BF2A328AF872D001AEFBC /* Debug */,
				7E9BF2A428AF872D001AEFBC /* Release */,
			);
			defaultConfigurationIsVisible = 0;
			defaultConfigurationName = Release;
		};
		7E9BF2A528AF872D001AEFBC /* Build configuration list for PBXNativeTarget "test_map" */ = {
			isa = XCConfigurationList;
			buildConfigurations = (
				7E9BF2A628AF872D001AEFBC /* Debug */,
				7E9BF2A728AF872D001AEFBC /* Release */,
			);
			defaultConfigurationIsVisible = 0;
			defaultConfigurationName = Release;
		};
		7E9BF2A828AF872D001AEFBC /* Build configuration list for PBXNativeTarget "test_mapTests" */ = {
			isa = XCConfigurationList;
			buildConfigurations = (
				7E9BF2A928AF872D001AEFBC /* Debug */,
				7E9BF2AA28AF872D001AEFBC /* Release */,
			);
			defaultConfigurationIsVisible = 0;
			defaultConfigurationName = Release;
		};
		7E9BF2AB28AF872D001AEFBC /* Build configuration list for PBXNativeTarget "test_mapUITests" */ = {
			isa = XCConfigurationList;
			buildConfigurations = (
				7E9BF2AC28AF872D001AEFBC /* Debug */,
				7E9BF2AD28AF872D001AEFBC /* Release */,
			);
			defaultConfigurationIsVisible = 0;
			defaultConfigurationName = Release;
		};
/* End XCConfigurationList section */
	};
	rootObject = 7E9BF27328AF8729001AEFBC /* Project object */;
}
